{
  "name": "tuture-prototype",
  "version": "0.0.1",
  "lockfileVersion": 1,
  "requires": true,
  "dependencies": {
    "argparse": {
      "version": "1.0.10",
      "resolved": "http://registry.npm.taobao.org/argparse/download/argparse-1.0.10.tgz",
      "integrity": "sha1-vNZ5HqWuCXJeF+WtmIE0zUCz2RE=",
      "requires": {
        "sprintf-js": "~1.0.2"
      }
    },
    "commander": {
      "version": "2.15.1",
      "resolved": "http://registry.npm.taobao.org/commander/download/commander-2.15.1.tgz",
      "integrity": "sha1-30boZ9D8Kuxmo0ZitAapzK//Ww8="
    },
    "debug": {
      "version": "3.1.0",
      "resolved": "http://registry.npm.taobao.org/debug/download/debug-3.1.0.tgz",
      "integrity": "sha1-W7WgZyYotkFJVmuhaBnmFRjGcmE=",
      "requires": {
        "ms": "2.0.0"
      }
    },
    "esprima": {
      "version": "4.0.0",
      "resolved": "http://registry.npm.taobao.org/esprima/download/esprima-4.0.0.tgz",
      "integrity": "sha1-RJnt3NERDgshi6zy+n9/WfVcqAQ="
    },
    "js-yaml": {
      "version": "3.11.0",
      "resolved": "http://registry.npm.taobao.org/js-yaml/download/js-yaml-3.11.0.tgz",
      "integrity": "sha1-WXwai9VxUvJtYizkEXhRpR9euu8=",
      "requires": {
        "argparse": "^1.0.7",
        "esprima": "^4.0.0"
      }
    },
    "ms": {
      "version": "2.0.0",
      "resolved": "http://registry.npm.taobao.org/ms/download/ms-2.0.0.tgz",
      "integrity": "sha1-VgiurfwAvmwpAd9fmGF4jeDVl8g="
    },
    "mute-stream": {
      "version": "0.0.7",
      "resolved": "http://registry.npm.taobao.org/mute-stream/download/mute-stream-0.0.7.tgz",
      "integrity": "sha1-MHXOk7whuPq0PhvE2n6BFe0ee6s="
    },
    "pify": {
      "version": "3.0.0",
      "resolved": "http://registry.npm.taobao.org/pify/download/pify-3.0.0.tgz",
      "integrity": "sha1-5aSs0sEB/fPZpNB/DbxNtJ3SgXY="
    },
    "promptly": {
      "version": "3.0.3",
      "resolved": "http://registry.npm.taobao.org/promptly/download/promptly-3.0.3.tgz",
      "integrity": "sha1-4Xj3Iuc9gsYNAZRiBEvM/dmHL0I=",
      "requires": {
        "pify": "^3.0.0",
        "read": "^1.0.4"
      }
    },
    "read": {
      "version": "1.0.7",
      "resolved": "http://registry.npm.taobao.org/read/download/read-1.0.7.tgz",
      "integrity": "sha1-s9oZvQUkMal2cdRKQmNK33ELQMQ=",
      "requires": {
        "mute-stream": "~0.0.4"
      }
    },
    "simple-git": {
      "version": "1.92.0",
      "resolved": "http://registry.npm.taobao.org/simple-git/download/simple-git-1.92.0.tgz",
      "integrity": "sha1-YGFGjrfRnwFBB4/HQuYkV+kQ9Uc=",
      "requires": {
        "debug": "^3.1.0"
      }
    },
    "sprintf-js": {
      "version": "1.0.3",
      "resolved": "http://registry.npm.taobao.org/sprintf-js/download/sprintf-js-1.0.3.tgz",
      "integrity": "sha1-BOaSb2YolTVPPdAVIDYzuFcpfiw="
    }
  }
}
